{
  "pins" : [
    {
      "identity" : "codingkeysmacro",
      "kind" : "remoteSourceControl",
      "location" : "https://github.com/yossibank/CodingKeysMacro",
      "state" : {
        "revision" : "342f794fdf42017fb5e3ff24898bef893cf8e8a2",
        "version" : "1.0.0"
      }
    },
    {
      "identity" : "structbuildermacro",
      "kind" : "remoteSourceControl",
      "location" : "https://github.com/yossibank/StructBuilderMacro",
      "state" : {
        "revision" : "68821b7150cdcb93ed30c63b48a62405ce1e5404",
        "version" : "1.0.0"
      }
    },
    {
      "identity" : "swift-syntax",
      "kind" : "remoteSourceControl",
      "location" : "https://github.com/apple/swift-syntax.git",
      "state" : {
        "revision" : "64889f0c732f210a935a0ad7cda38f77f876262d",
        "version" : "509.1.1"
      }
    }
  ],
  "version" : 2
}
